
Microsoft Visual Studio Solution File, Format Version 12.00
# Visual Studio Version 17
VisualStudioVersion = 17.9.34728.123
MinimumVisualStudioVersion = 10.0.40219.1
Project("{9A19103F-16F7-4668-BE54-9A1E7A4F7556}") = "SistemaOro.Data", "SistemaOro.Data\SistemaOro.Data.csproj", "{AEB63C56-9158-4097-870F-D049022CC974}"
EndProject
Project("{9A19103F-16F7-4668-BE54-9A1E7A4F7556}") = "SistemaOro.Test", "SistemaOro.Test\SistemaOro.Test.csproj", "{CE7EB1B4-63B4-454A-85B7-724FC454341B}"
EndProject
Project("{9A19103F-16F7-4668-BE54-9A1E7A4F7556}") = "SistemaOro.Forms", "SistemaOro.Forms\SistemaOro.Forms.csproj", "{144670CB-6396-488C-A76D-2E03A3B69E78}"
EndProject
Project("{54435603-DBB4-11D2-8724-00A0C9A8B90C}") = "SistemaOro.Setup", "SistemaOro.Setup\SistemaOro.Setup.vdproj", "{02791C9D-F239-4690-B9B5-9AC8E9B4562B}"
EndProject
Global
	GlobalSection(SolutionConfigurationPlatforms) = preSolution
		Debug|Any CPU = Debug|Any CPU
		Debug|ARM = Debug|ARM
		Debug|ARM64 = Debug|ARM64
		Debug|x64 = Debug|x64
		Debug|x86 = Debug|x86
		Release|Any CPU = Release|Any CPU
		Release|ARM = Release|ARM
		Release|ARM64 = Release|ARM64
		Release|x64 = Release|x64
		Release|x86 = Release|x86
	EndGlobalSection
	GlobalSection(ProjectConfigurationPlatforms) = postSolution
		{AEB63C56-9158-4097-870F-D049022CC974}.Debug|Any CPU.ActiveCfg = Debug|Any CPU
		{AEB63C56-9158-4097-870F-D049022CC974}.Debug|Any CPU.Build.0 = Debug|Any CPU
		{AEB63C56-9158-4097-870F-D049022CC974}.Debug|ARM.ActiveCfg = Debug|Any CPU
		{AEB63C56-9158-4097-870F-D049022CC974}.Debug|ARM.Build.0 = Debug|Any CPU
		{AEB63C56-9158-4097-870F-D049022CC974}.Debug|ARM64.ActiveCfg = Debug|Any CPU
		{AEB63C56-9158-4097-870F-D049022CC974}.Debug|ARM64.Build.0 = Debug|Any CPU
		{AEB63C56-9158-4097-870F-D049022CC974}.Debug|x64.ActiveCfg = Debug|Any CPU
		{AEB63C56-9158-4097-870F-D049022CC974}.Debug|x64.Build.0 = Debug|Any CPU
		{AEB63C56-9158-4097-870F-D049022CC974}.Debug|x86.ActiveCfg = Debug|Any CPU
		{AEB63C56-9158-4097-870F-D049022CC974}.Debug|x86.Build.0 = Debug|Any CPU
		{AEB63C56-9158-4097-870F-D049022CC974}.Release|Any CPU.ActiveCfg = Release|Any CPU
		{AEB63C56-9158-4097-870F-D049022CC974}.Release|Any CPU.Build.0 = Release|Any CPU
		{AEB63C56-9158-4097-870F-D049022CC974}.Release|ARM.ActiveCfg = Release|Any CPU
		{AEB63C56-9158-4097-870F-D049022CC974}.Release|ARM.Build.0 = Release|Any CPU
		{AEB63C56-9158-4097-870F-D049022CC974}.Release|ARM64.ActiveCfg = Release|Any CPU
		{AEB63C56-9158-4097-870F-D049022CC974}.Release|ARM64.Build.0 = Release|Any CPU
		{AEB63C56-9158-4097-870F-D049022CC974}.Release|x64.ActiveCfg = Release|Any CPU
		{AEB63C56-9158-4097-870F-D049022CC974}.Release|x64.Build.0 = Release|Any CPU
		{AEB63C56-9158-4097-870F-D049022CC974}.Release|x86.ActiveCfg = Release|Any CPU
		{AEB63C56-9158-4097-870F-D049022CC974}.Release|x86.Build.0 = Release|Any CPU
		{CE7EB1B4-63B4-454A-85B7-724FC454341B}.Debug|Any CPU.ActiveCfg = Debug|Any CPU
		{CE7EB1B4-63B4-454A-85B7-724FC454341B}.Debug|ARM.ActiveCfg = Debug|Any CPU
		{CE7EB1B4-63B4-454A-85B7-724FC454341B}.Debug|ARM.Build.0 = Debug|Any CPU
		{CE7EB1B4-63B4-454A-85B7-724FC454341B}.Debug|ARM64.ActiveCfg = Debug|Any CPU
		{CE7EB1B4-63B4-454A-85B7-724FC454341B}.Debug|ARM64.Build.0 = Debug|Any CPU
		{CE7EB1B4-63B4-454A-85B7-724FC454341B}.Debug|x64.ActiveCfg = Debug|Any CPU
		{CE7EB1B4-63B4-454A-85B7-724FC454341B}.Debug|x64.Build.0 = Debug|Any CPU
		{CE7EB1B4-63B4-454A-85B7-724FC454341B}.Debug|x86.ActiveCfg = Debug|Any CPU
		{CE7EB1B4-63B4-454A-85B7-724FC454341B}.Debug|x86.Build.0 = Debug|Any CPU
		{CE7EB1B4-63B4-454A-85B7-724FC454341B}.Release|Any CPU.ActiveCfg = Release|Any CPU
		{CE7EB1B4-63B4-454A-85B7-724FC454341B}.Release|Any CPU.Build.0 = Release|Any CPU
		{CE7EB1B4-63B4-454A-85B7-724FC454341B}.Release|ARM.ActiveCfg = Release|Any CPU
		{CE7EB1B4-63B4-454A-85B7-724FC454341B}.Release|ARM.Build.0 = Release|Any CPU
		{CE7EB1B4-63B4-454A-85B7-724FC454341B}.Release|ARM64.ActiveCfg = Release|Any CPU
		{CE7EB1B4-63B4-454A-85B7-724FC454341B}.Release|ARM64.Build.0 = Release|Any CPU
		{CE7EB1B4-63B4-454A-85B7-724FC454341B}.Release|x64.ActiveCfg = Release|Any CPU
		{CE7EB1B4-63B4-454A-85B7-724FC454341B}.Release|x64.Build.0 = Release|Any CPU
		{CE7EB1B4-63B4-454A-85B7-724FC454341B}.Release|x86.ActiveCfg = Release|Any CPU
		{CE7EB1B4-63B4-454A-85B7-724FC454341B}.Release|x86.Build.0 = Release|Any CPU
		{144670CB-6396-488C-A76D-2E03A3B69E78}.Debug|Any CPU.ActiveCfg = Debug|Any CPU
		{144670CB-6396-488C-A76D-2E03A3B69E78}.Debug|Any CPU.Build.0 = Debug|Any CPU
		{144670CB-6396-488C-A76D-2E03A3B69E78}.Debug|ARM.ActiveCfg = Debug|Any CPU
		{144670CB-6396-488C-A76D-2E03A3B69E78}.Debug|ARM.Build.0 = Debug|Any CPU
		{144670CB-6396-488C-A76D-2E03A3B69E78}.Debug|ARM64.ActiveCfg = Debug|Any CPU
		{144670CB-6396-488C-A76D-2E03A3B69E78}.Debug|ARM64.Build.0 = Debug|Any CPU
		{144670CB-6396-488C-A76D-2E03A3B69E78}.Debug|x64.ActiveCfg = Debug|Any CPU
		{144670CB-6396-488C-A76D-2E03A3B69E78}.Debug|x64.Build.0 = Debug|Any CPU
		{144670CB-6396-488C-A76D-2E03A3B69E78}.Debug|x86.ActiveCfg = Debug|Any CPU
		{144670CB-6396-488C-A76D-2E03A3B69E78}.Debug|x86.Build.0 = Debug|Any CPU
		{144670CB-6396-488C-A76D-2E03A3B69E78}.Release|Any CPU.ActiveCfg = Release|Any CPU
		{144670CB-6396-488C-A76D-2E03A3B69E78}.Release|Any CPU.Build.0 = Release|Any CPU
		{144670CB-6396-488C-A76D-2E03A3B69E78}.Release|ARM.ActiveCfg = Release|Any CPU
		{144670CB-6396-488C-A76D-2E03A3B69E78}.Release|ARM.Build.0 = Release|Any CPU
		{144670CB-6396-488C-A76D-2E03A3B69E78}.Release|ARM64.ActiveCfg = Release|Any CPU
		{144670CB-6396-488C-A76D-2E03A3B69E78}.Release|ARM64.Build.0 = Release|Any CPU
		{144670CB-6396-488C-A76D-2E03A3B69E78}.Release|x64.ActiveCfg = Release|Any CPU
		{144670CB-6396-488C-A76D-2E03A3B69E78}.Release|x64.Build.0 = Release|Any CPU
		{144670CB-6396-488C-A76D-2E03A3B69E78}.Release|x86.ActiveCfg = Release|Any CPU
		{144670CB-6396-488C-A76D-2E03A3B69E78}.Release|x86.Build.0 = Release|Any CPU
		{02791C9D-F239-4690-B9B5-9AC8E9B4562B}.Debug|Any CPU.ActiveCfg = Debug
		{02791C9D-F239-4690-B9B5-9AC8E9B4562B}.Debug|ARM.ActiveCfg = Debug
		{02791C9D-F239-4690-B9B5-9AC8E9B4562B}.Debug|ARM64.ActiveCfg = Debug
		{02791C9D-F239-4690-B9B5-9AC8E9B4562B}.Debug|x64.ActiveCfg = Debug
		{02791C9D-F239-4690-B9B5-9AC8E9B4562B}.Debug|x86.ActiveCfg = Debug
		{02791C9D-F239-4690-B9B5-9AC8E9B4562B}.Release|Any CPU.ActiveCfg = Release
		{02791C9D-F239-4690-B9B5-9AC8E9B4562B}.Release|ARM.ActiveCfg = Release
		{02791C9D-F239-4690-B9B5-9AC8E9B4562B}.Release|ARM64.ActiveCfg = Release
		{02791C9D-F239-4690-B9B5-9AC8E9B4562B}.Release|x64.ActiveCfg = Release
		{02791C9D-F239-4690-B9B5-9AC8E9B4562B}.Release|x86.ActiveCfg = Release
	EndGlobalSection
	GlobalSection(SolutionProperties) = preSolution
		HideSolutionNode = FALSE
	EndGlobalSection
	GlobalSection(ExtensibilityGlobals) = postSolution
		SolutionGuid = {F5D6DA2E-CD16-4F8F-A253-4711D7028837}
	EndGlobalSection
EndGlobal
