
Microsoft Visual Studio Solution File, Format Version 12.00
Project("{FAE04EC0-301F-11D3-BF4B-00C04F79EFBC}") = "SistemaOro.Forms", "SistemaOro.Forms\SistemaOro.Forms.csproj", "{ECE7D1D6-390F-4ABD-8C0B-9B965382AA5E}"
EndProject
Project("{FAE04EC0-301F-11D3-BF4B-00C04F79EFBC}") = "SistemaOro.Data", "SistemaOro.Data\SistemaOro.Data.csproj", "{7428A4EB-1FAC-4C30-80B2-E4A0F6946661}"
EndProject
Global
	GlobalSection(SolutionConfigurationPlatforms) = preSolution
		Debug|Any CPU = Debug|Any CPU
		Release|Any CPU = Release|Any CPU
	EndGlobalSection
	GlobalSection(ProjectConfigurationPlatforms) = postSolution
		{ECE7D1D6-390F-4ABD-8C0B-9B965382AA5E}.Debug|Any CPU.ActiveCfg = Debug|Any CPU
		{ECE7D1D6-390F-4ABD-8C0B-9B965382AA5E}.Debug|Any CPU.Build.0 = Debug|Any CPU
		{ECE7D1D6-390F-4ABD-8C0B-9B965382AA5E}.Release|Any CPU.ActiveCfg = Release|Any CPU
		{ECE7D1D6-390F-4ABD-8C0B-9B965382AA5E}.Release|Any CPU.Build.0 = Release|Any CPU
		{7428A4EB-1FAC-4C30-80B2-E4A0F6946661}.Debug|Any CPU.ActiveCfg = Debug|Any CPU
		{7428A4EB-1FAC-4C30-80B2-E4A0F6946661}.Debug|Any CPU.Build.0 = Debug|Any CPU
		{7428A4EB-1FAC-4C30-80B2-E4A0F6946661}.Release|Any CPU.ActiveCfg = Release|Any CPU
		{7428A4EB-1FAC-4C30-80B2-E4A0F6946661}.Release|Any CPU.Build.0 = Release|Any CPU
	EndGlobalSection
EndGlobal
